{
  "name": "pr_dashboard",
  "lockfileVersion": 3,
  "requires": true,
  "packages": {
    "": {
      "dependencies": {
        "azure-devops-extension-sdk": "^4.1.0"
      }
    },
    "node_modules/azure-devops-extension-sdk": {
      "version": "4.1.0",
      "resolved": "https://registry.npmjs.org/azure-devops-extension-sdk/-/azure-devops-extension-sdk-4.1.0.tgz",
      "integrity": "sha512-s+M+IzW5lCOytWO6JjCP+gJMmFZIuYk/m3k3x024+PFouHycsnboWi5LRsM6RaDf1bS8eoB5HfFJ89FPHFmZjA==",
      "license": "MIT",
      "engines": {
        "node": ">=18.0.0"
      }
    }
  }
}
